
Microsoft Visual Studio Solution File, Format Version 12.00
# Visual Studio Version 16
VisualStudioVersion = 16.0.32802.440
MinimumVisualStudioVersion = 10.0.40219.1
Project("{FAE04EC0-301F-11D3-BF4B-00C04F79EFBC}") = "SP_coursework", "SP_coursework.csproj", "{FDBE1F77-F787-4290-996E-0D7E78193AC4}"
EndProject
Global
	GlobalSection(SolutionConfigurationPlatforms) = preSolution
		Debug|Any CPU = Debug|Any CPU
		Release|Any CPU = Release|Any CPU
	EndGlobalSection
	GlobalSection(ProjectConfigurationPlatforms) = postSolution
		{FDBE1F77-F787-4290-996E-0D7E78193AC4}.Debug|Any CPU.ActiveCfg = Debug|Any CPU
		{FDBE1F77-F787-4290-996E-0D7E78193AC4}.Debug|Any CPU.Build.0 = Debug|Any CPU
		{FDBE1F77-F787-4290-996E-0D7E78193AC4}.Release|Any CPU.ActiveCfg = Release|Any CPU
		{FDBE1F77-F787-4290-996E-0D7E78193AC4}.Release|Any CPU.Build.0 = Release|Any CPU
	EndGlobalSection
	GlobalSection(SolutionProperties) = preSolution
		HideSolutionNode = FALSE
	EndGlobalSection
	GlobalSection(ExtensibilityGlobals) = postSolution
		SolutionGuid = {C8C799AC-438C-4574-AE01-4C5DA2F5D86A}
	EndGlobalSection
EndGlobal
